
Microsoft Visual Studio Solution File, Format Version 12.00
# Visual Studio Version 17
VisualStudioVersion = 17.5.002.0
MinimumVisualStudioVersion = 10.0.40219.1
Project("{9A19103F-16F7-4668-BE54-9A1E7A4F7556}") = "ResturantReviewApp", "ResturantReviewApp.csproj", "{F96756A1-1BBA-494D-8392-8BEC22981B50}"
EndProject
Global
	GlobalSection(SolutionConfigurationPlatforms) = preSolution
		Debug|Any CPU = Debug|Any CPU
		Release|Any CPU = Release|Any CPU
	EndGlobalSection
	GlobalSection(ProjectConfigurationPlatforms) = postSolution
		{F96756A1-1BBA-494D-8392-8BEC22981B50}.Debug|Any CPU.ActiveCfg = Debug|Any CPU
		{F96756A1-1BBA-494D-8392-8BEC22981B50}.Debug|Any CPU.Build.0 = Debug|Any CPU
		{F96756A1-1BBA-494D-8392-8BEC22981B50}.Release|Any CPU.ActiveCfg = Release|Any CPU
		{F96756A1-1BBA-494D-8392-8BEC22981B50}.Release|Any CPU.Build.0 = Release|Any CPU
	EndGlobalSection
	GlobalSection(SolutionProperties) = preSolution
		HideSolutionNode = FALSE
	EndGlobalSection
	GlobalSection(ExtensibilityGlobals) = postSolution
		SolutionGuid = {9A81C4F8-6093-4F56-B34E-7059A32D730F}
	EndGlobalSection
EndGlobal
